Microsoft Visual Studio Solution File, Format Version 12.00
# Visual Studio Version 17
VisualStudioVersion = 17.5.2.0
MinimumVisualStudioVersion = 10.0.40219.1
Project("{FAE04EC0-301F-11D3-BF4B-00C04F79EFBC}") = "Auth.Service", "Auth.Service\Auth.Service.csproj", "{2F2656EC-007A-B1F8-665A-9A1BB920D971}"
EndProject
Project("{FAE04EC0-301F-11D3-BF4B-00C04F79EFBC}") = "Book.Service", "Book.Service\Book.Service.csproj", "{52AC3331-D58B-464E-12B9-892C2FA27F63}"
EndProject
Project("{FAE04EC0-301F-11D3-BF4B-00C04F79EFBC}") = "Library.Service", "Library.Service\Library.Service.csproj", "{0407743D-A614-17A8-1AB8-802A50AC9DF6}"
EndProject
Project("{FAE04EC0-301F-11D3-BF4B-00C04F79EFBC}") = "Loan.Service", "Loan.Service\Loan.Service.csproj", "{A9465649-2F68-0C70-454D-2E2C787717E8}"
EndProject
Global
	GlobalSection(SolutionConfigurationPlatforms) = preSolution
		Debug|Any CPU = Debug|Any CPU
		Release|Any CPU = Release|Any CPU
	EndGlobalSection
	GlobalSection(ProjectConfigurationPlatforms) = postSolution
		{2F2656EC-007A-B1F8-665A-9A1BB920D971}.Debug|Any CPU.ActiveCfg = Debug|Any CPU
		{2F2656EC-007A-B1F8-665A-9A1BB920D971}.Debug|Any CPU.Build.0 = Debug|Any CPU
		{2F2656EC-007A-B1F8-665A-9A1BB920D971}.Release|Any CPU.ActiveCfg = Release|Any CPU
		{2F2656EC-007A-B1F8-665A-9A1BB920D971}.Release|Any CPU.Build.0 = Release|Any CPU
		{52AC3331-D58B-464E-12B9-892C2FA27F63}.Debug|Any CPU.ActiveCfg = Debug|Any CPU
		{52AC3331-D58B-464E-12B9-892C2FA27F63}.Debug|Any CPU.Build.0 = Debug|Any CPU
		{52AC3331-D58B-464E-12B9-892C2FA27F63}.Release|Any CPU.ActiveCfg = Release|Any CPU
		{52AC3331-D58B-464E-12B9-892C2FA27F63}.Release|Any CPU.Build.0 = Release|Any CPU
		{0407743D-A614-17A8-1AB8-802A50AC9DF6}.Debug|Any CPU.ActiveCfg = Debug|Any CPU
		{0407743D-A614-17A8-1AB8-802A50AC9DF6}.Debug|Any CPU.Build.0 = Debug|Any CPU
		{0407743D-A614-17A8-1AB8-802A50AC9DF6}.Release|Any CPU.ActiveCfg = Release|Any CPU
		{0407743D-A614-17A8-1AB8-802A50AC9DF6}.Release|Any CPU.Build.0 = Release|Any CPU
		{A9465649-2F68-0C70-454D-2E2C787717E8}.Debug|Any CPU.ActiveCfg = Debug|Any CPU
		{A9465649-2F68-0C70-454D-2E2C787717E8}.Debug|Any CPU.Build.0 = Debug|Any CPU
		{A9465649-2F68-0C70-454D-2E2C787717E8}.Release|Any CPU.ActiveCfg = Release|Any CPU
		{A9465649-2F68-0C70-454D-2E2C787717E8}.Release|Any CPU.Build.0 = Release|Any CPU
	EndGlobalSection
	GlobalSection(SolutionProperties) = preSolution
		HideSolutionNode = FALSE
	EndGlobalSection
	GlobalSection(ExtensibilityGlobals) = postSolution
		SolutionGuid = {47F27FED-8480-4A13-B3A6-0F720FCF1494}
	EndGlobalSection
EndGlobal
